
Microsoft Visual Studio Solution File, Format Version 12.00
# Visual Studio 15
VisualStudioVersion = 15.0.28307.1800
MinimumVisualStudioVersion = 10.0.40219.1
Project("{FAE04EC0-301F-11D3-BF4B-00C04F79EFBC}") = "PNID_Viewer", "PNID_Viewer\PNID_Viewer.csproj", "{EED5B5D3-5D1B-4996-8DBF-90D3DF96CA36}"
EndProject
Global
	GlobalSection(SolutionConfigurationPlatforms) = preSolution
		Debug|Any CPU = Debug|Any CPU
		Release|Any CPU = Release|Any CPU
	EndGlobalSection
	GlobalSection(ProjectConfigurationPlatforms) = postSolution
		{EED5B5D3-5D1B-4996-8DBF-90D3DF96CA36}.Debug|Any CPU.ActiveCfg = Debug|Any CPU
		{EED5B5D3-5D1B-4996-8DBF-90D3DF96CA36}.Debug|Any CPU.Build.0 = Debug|Any CPU
		{EED5B5D3-5D1B-4996-8DBF-90D3DF96CA36}.Release|Any CPU.ActiveCfg = Release|Any CPU
		{EED5B5D3-5D1B-4996-8DBF-90D3DF96CA36}.Release|Any CPU.Build.0 = Release|Any CPU
	EndGlobalSection
	GlobalSection(SolutionProperties) = preSolution
		HideSolutionNode = FALSE
	EndGlobalSection
	GlobalSection(ExtensibilityGlobals) = postSolution
		SolutionGuid = {5A6FBDB8-323D-47FF-A1BF-E2993BE57D70}
	EndGlobalSection
EndGlobal
